{
    "_readme": [
        "This file locks the dependencies of your project to a known state",
        "Read more about it at https://getcomposer.org/doc/01-basic-usage.md#installing-dependencies",
        "This file is @generated automatically"
    ],
    "content-hash": "b8a7162a86723d6bd1973612699a2c08",
    "packages": [
        {
            "name": "dcarbone/php-fhir-generated",
            "version": "v2.0.5",
            "source": {
                "type": "git",
                "url": "https://github.com/dcarbone/php-fhir-generated.git",
                "reference": "52075aac90a167a40097ba4329544c5e1aa44856"
            },
            "dist": {
                "type": "zip",
                "url": "https://api.github.com/repos/dcarbone/php-fhir-generated/zipball/52075aac90a167a40097ba4329544c5e1aa44856",
                "reference": "52075aac90a167a40097ba4329544c5e1aa44856",
                "shasum": "",
                "mirrors": [
                    {
                        "url": "https://repo.packagist.com/lnx/dists/%package%/%version%/r%reference%.%type%",
                        "preferred": true
                    }
                ]
            },
            "require": {
                "ext-json": "*",
                "ext-libxml": "*",
                "ext-simplexml": "*",
                "php": ">=5.4.0"
            },
            "require-dev": {
                "ext-curl": "*",
                "ext-json": "*",
                "ext-libxml": "*",
                "ext-simplexml": "*",
                "phpunit/phpunit": "@stable"
            },
            "type": "library",
            "autoload": {
                "psr-0": {
                    "DCarbone\\PHPFHIRGenerated\\": "./src"
                }
            },
            "notification-url": "https://repo.packagist.com/lnx/downloads/",
            "license": [
                "Apache-2.0"
            ],
            "authors": [
                {
                    "name": "Daniel Paul Carbone",
                    "email": "daniel.p.carbone@gmail.com"
                }
            ],
            "description": "Pre-generated classes from dcarbone/php-fhir",
            "homepage": "https://github.com/dcarbone/php-fhir-generated",
            "keywords": [
                "ehr",
                "fhir",
                "hl7",
                "php",
                "php-fhir"
            ],
            "time": "2019-12-26T15:50:30+00:00"
        }
    ],
    "packages-dev": [],
    "aliases": [],
    "minimum-stability": "stable",
    "stability-flags": [],
    "prefer-stable": false,
    "prefer-lowest": false,
    "platform": {
        "php": "^8.0"
    },
    "platform-dev": [],
    "plugin-api-version": "2.3.0"
}
